
Microsoft Visual Studio Solution File, Format Version 12.00
# Visual Studio Version 17
VisualStudioVersion = 17.2.32630.192
MinimumVisualStudioVersion = 10.0.40219.1
Project("{9A19103F-16F7-4668-BE54-9A1E7A4F7556}") = "F10Y.T0005.Construction", "F10Y.T0005.Construction\F10Y.T0005.Construction.csproj", "{626A833B-FE47-4030-A46E-E5FD220B51EE}"
EndProject
Project("{9A19103F-16F7-4668-BE54-9A1E7A4F7556}") = "F10Y.T0005", "F10Y.T0005\F10Y.T0005.csproj", "{7B47372A-1BB5-4CA1-96B5-0A89BB3734BA}"
EndProject
Global
	GlobalSection(SolutionConfigurationPlatforms) = preSolution
		Debug|Any CPU = Debug|Any CPU
		Release|Any CPU = Release|Any CPU
	EndGlobalSection
	GlobalSection(ProjectConfigurationPlatforms) = postSolution
		{626A833B-FE47-4030-A46E-E5FD220B51EE}.Debug|Any CPU.ActiveCfg = Debug|Any CPU
		{626A833B-FE47-4030-A46E-E5FD220B51EE}.Debug|Any CPU.Build.0 = Debug|Any CPU
		{626A833B-FE47-4030-A46E-E5FD220B51EE}.Release|Any CPU.ActiveCfg = Release|Any CPU
		{626A833B-FE47-4030-A46E-E5FD220B51EE}.Release|Any CPU.Build.0 = Release|Any CPU
		{7B47372A-1BB5-4CA1-96B5-0A89BB3734BA}.Debug|Any CPU.ActiveCfg = Debug|Any CPU
		{7B47372A-1BB5-4CA1-96B5-0A89BB3734BA}.Debug|Any CPU.Build.0 = Debug|Any CPU
		{7B47372A-1BB5-4CA1-96B5-0A89BB3734BA}.Release|Any CPU.ActiveCfg = Release|Any CPU
		{7B47372A-1BB5-4CA1-96B5-0A89BB3734BA}.Release|Any CPU.Build.0 = Release|Any CPU
	EndGlobalSection
	GlobalSection(SolutionProperties) = preSolution
		HideSolutionNode = FALSE
	EndGlobalSection
	GlobalSection(ExtensibilityGlobals) = postSolution
		SolutionGuid = {92D0B1D2-5267-44A7-9E37-90F7FB172DB0}
	EndGlobalSection
EndGlobal
