
Microsoft Visual Studio Solution File, Format Version 12.00
# Visual Studio Version 17
VisualStudioVersion = 17.2.32630.192
MinimumVisualStudioVersion = 10.0.40219.1
Project("{9A19103F-16F7-4668-BE54-9A1E7A4F7556}") = "F10Y.T0005", "F10Y.T0005\F10Y.T0005.csproj", "{3F51E451-AADC-4900-B6A1-76F987B583CC}"
EndProject
Project("{2150E333-8FDC-42A3-9474-1A3956D46DE8}") = "_Dependencies", "_Dependencies", "{AA54F021-5663-468B-98C6-20DBCB23A9DD}"
EndProject
Project("{9A19103F-16F7-4668-BE54-9A1E7A4F7556}") = "F10Y.T0000", "..\..\F10Y.T0000\source\F10Y.T0000\F10Y.T0000.csproj", "{8EADE1D8-AD13-4F15-A68F-4D9F26C060FA}"
EndProject
Global
	GlobalSection(NestedProjects) = preSolution
		{8EADE1D8-AD13-4F15-A68F-4D9F26C060FA} = {AA54F021-5663-468B-98C6-20DBCB23A9DD}
	EndGlobalSection
	GlobalSection(SolutionConfigurationPlatforms) = preSolution
		Debug|Any CPU = Debug|Any CPU
		Release|Any CPU = Release|Any CPU
	EndGlobalSection
	GlobalSection(ProjectConfigurationPlatforms) = postSolution
		{3F51E451-AADC-4900-B6A1-76F987B583CC}.Debug|Any CPU.ActiveCfg = Debug|Any CPU
		{3F51E451-AADC-4900-B6A1-76F987B583CC}.Debug|Any CPU.Build.0 = Debug|Any CPU
		{3F51E451-AADC-4900-B6A1-76F987B583CC}.Release|Any CPU.ActiveCfg = Release|Any CPU
		{3F51E451-AADC-4900-B6A1-76F987B583CC}.Release|Any CPU.Build.0 = Release|Any CPU
		{8EADE1D8-AD13-4F15-A68F-4D9F26C060FA}.Debug|Any CPU.ActiveCfg = Debug|Any CPU
		{8EADE1D8-AD13-4F15-A68F-4D9F26C060FA}.Debug|Any CPU.Build.0 = Debug|Any CPU
		{8EADE1D8-AD13-4F15-A68F-4D9F26C060FA}.Release|Any CPU.ActiveCfg = Release|Any CPU
		{8EADE1D8-AD13-4F15-A68F-4D9F26C060FA}.Release|Any CPU.Build.0 = Release|Any CPU
	EndGlobalSection
	GlobalSection(SolutionProperties) = preSolution
		HideSolutionNode = FALSE
	EndGlobalSection
	GlobalSection(ExtensibilityGlobals) = postSolution
		SolutionGuid = {A2E020AF-FF55-4C20-BCCD-D4388162E44B}
	EndGlobalSection
EndGlobal
